
Microsoft Visual Studio Solution File, Format Version 12.00
# Visual Studio Version 17
VisualStudioVersion = 17.11.35312.102
MinimumVisualStudioVersion = 10.0.40219.1
Project("{FAE04EC0-301F-11D3-BF4B-00C04F79EFBC}") = "API_Katmanli", "API_Katmanli\API_Katmanli.csproj", "{857B0B07-F50E-45EB-9F69-FF3A163F1671}"
EndProject
Project("{FAE04EC0-301F-11D3-BF4B-00C04F79EFBC}") = "DAL", "DAL\DAL.csproj", "{B7D130A0-206E-4C2A-AD55-B4019067AADA}"
EndProject
Project("{FAE04EC0-301F-11D3-BF4B-00C04F79EFBC}") = "BLL", "BLL\BLL.csproj", "{288831C2-94A8-4981-A090-ED29888B7466}"
EndProject
Global
	GlobalSection(SolutionConfigurationPlatforms) = preSolution
		Debug|Any CPU = Debug|Any CPU
		Release|Any CPU = Release|Any CPU
	EndGlobalSection
	GlobalSection(ProjectConfigurationPlatforms) = postSolution
		{857B0B07-F50E-45EB-9F69-FF3A163F1671}.Debug|Any CPU.ActiveCfg = Debug|Any CPU
		{857B0B07-F50E-45EB-9F69-FF3A163F1671}.Debug|Any CPU.Build.0 = Debug|Any CPU
		{857B0B07-F50E-45EB-9F69-FF3A163F1671}.Release|Any CPU.ActiveCfg = Release|Any CPU
		{857B0B07-F50E-45EB-9F69-FF3A163F1671}.Release|Any CPU.Build.0 = Release|Any CPU
		{B7D130A0-206E-4C2A-AD55-B4019067AADA}.Debug|Any CPU.ActiveCfg = Debug|Any CPU
		{B7D130A0-206E-4C2A-AD55-B4019067AADA}.Debug|Any CPU.Build.0 = Debug|Any CPU
		{B7D130A0-206E-4C2A-AD55-B4019067AADA}.Release|Any CPU.ActiveCfg = Release|Any CPU
		{B7D130A0-206E-4C2A-AD55-B4019067AADA}.Release|Any CPU.Build.0 = Release|Any CPU
		{288831C2-94A8-4981-A090-ED29888B7466}.Debug|Any CPU.ActiveCfg = Debug|Any CPU
		{288831C2-94A8-4981-A090-ED29888B7466}.Debug|Any CPU.Build.0 = Debug|Any CPU
		{288831C2-94A8-4981-A090-ED29888B7466}.Release|Any CPU.ActiveCfg = Release|Any CPU
		{288831C2-94A8-4981-A090-ED29888B7466}.Release|Any CPU.Build.0 = Release|Any CPU
	EndGlobalSection
	GlobalSection(SolutionProperties) = preSolution
		HideSolutionNode = FALSE
	EndGlobalSection
	GlobalSection(ExtensibilityGlobals) = postSolution
		SolutionGuid = {996AACFD-2D89-4F83-82EB-1AFAF3F7DE2F}
	EndGlobalSection
EndGlobal
